
Microsoft Visual Studio Solution File, Format Version 12.00
# Visual Studio 15
VisualStudioVersion = 15.0.27428.2037
MinimumVisualStudioVersion = 10.0.40219.1
Project("{FAE04EC0-301F-11D3-BF4B-00C04F79EFBC}") = "DatabaseForms", "DatabaseForms\DatabaseForms.csproj", "{1DF4DC0B-6D6D-4B39-B4B8-FF9E218952DF}"
EndProject
Global
	GlobalSection(SolutionConfigurationPlatforms) = preSolution
		Debug|Any CPU = Debug|Any CPU
		Release|Any CPU = Release|Any CPU
	EndGlobalSection
	GlobalSection(ProjectConfigurationPlatforms) = postSolution
		{1DF4DC0B-6D6D-4B39-B4B8-FF9E218952DF}.Debug|Any CPU.ActiveCfg = Debug|Any CPU
		{1DF4DC0B-6D6D-4B39-B4B8-FF9E218952DF}.Debug|Any CPU.Build.0 = Debug|Any CPU
		{1DF4DC0B-6D6D-4B39-B4B8-FF9E218952DF}.Release|Any CPU.ActiveCfg = Release|Any CPU
		{1DF4DC0B-6D6D-4B39-B4B8-FF9E218952DF}.Release|Any CPU.Build.0 = Release|Any CPU
	EndGlobalSection
	GlobalSection(SolutionProperties) = preSolution
		HideSolutionNode = FALSE
	EndGlobalSection
	GlobalSection(ExtensibilityGlobals) = postSolution
		SolutionGuid = {64F0C6BB-27AB-49DF-B950-29A00E405234}
	EndGlobalSection
EndGlobal
